lockfileVersion: 5.4

importers:

  .:
    specifiers:
      rimraf: latest
      turbo: latest
    devDependencies:
      rimraf: 3.0.2
      turbo: 1.2.5

packages:

  /balanced-match/1.0.2:
    resolution: {integrity: sha512-3oSeUO0TMV67hN1AmbXsK4yaqU7tjiHlbxRDZOpH0KW9+CeX4bRAaX0Anxt0tx2MrpRpWwQaPwIlISEJhYU5Pw==}
    dev: true

  /brace-expansion/1.1.11:
    resolution: {integrity: sha512-iCuPHDFgrHX7H2vEI/5xpz07zSHB00TpugqhmYtVmMO6518mCuRMoOYFldEBl0g187ufozdaHgWKcYFb61qGiA==}
    dependencies:
      balanced-match: 1.0.2
      concat-map: 0.0.1
    dev: true

  /concat-map/0.0.1:
    resolution: {integrity: sha1-2Klr13/Wjfd5OnMDajug1UBdR3s=}
    dev: true

  /fs.realpath/1.0.0:
    resolution: {integrity: sha1-FQStJSMVjKpA20onh8sBQRmU6k8=}
    dev: true

  /glob/7.2.0:
    resolution: {integrity: sha512-lmLf6gtyrPq8tTjSmrO94wBeQbFR3HbLHbuyD69wuyQkImp2hWqMGB47OX65FBkPffO641IP9jWa1z4ivqG26Q==}
    dependencies:
      fs.realpath: 1.0.0
      inflight: 1.0.6
      inherits: 2.0.4
      minimatch: 3.1.2
      once: 1.4.0
      path-is-absolute: 1.0.1
    dev: true

  /inflight/1.0.6:
    resolution: {integrity: sha1-Sb1jMdfQLQwJvJEKEHW6gWW1bfk=}
    dependencies:
      once: 1.4.0
      wrappy: 1.0.2
    dev: true

  /inherits/2.0.4:
    resolution: {integrity: sha512-k/vGaX4/Yla3WzyMCvTQOXYeIHvqOKtnqBduzTHpzpQZzAskKMhZ2K+EnBiSM9zGSoIFeMpXKxa4dYeZIQqewQ==}
    dev: true

  /minimatch/3.1.2:
    resolution: {integrity: sha512-J7p63hRiAjw1NDEww1W7i37+ByIrOWO5XQQAzZ3VOcL0PNybwpfmV/N05zFAzwQ9USyEcX6t3UO+K5aqBQOIHw==}
    dependencies:
      brace-expansion: 1.1.11
    dev: true

  /once/1.4.0:
    resolution: {integrity: sha1-WDsap3WWHUsROsF9nFC6753Xa9E=}
    dependencies:
      wrappy: 1.0.2
    dev: true

  /path-is-absolute/1.0.1:
    resolution: {integrity: sha1-F0uSaHNVNP+8es5r9TpanhtcX18=}
    engines: {node: '>=0.10.0'}
    dev: true

  /rimraf/3.0.2:
    resolution: {integrity: sha512-JZkJMZkAGFFPP2YqXZXPbMlMBgsxzE8ILs4lMIX/2o0L9UBw9O/Y3o6wFw/i9YLapcUJWwqbi3kdxIPdC62TIA==}
    hasBin: true
    dependencies:
      glob: 7.2.0
    dev: true

  /turbo-darwin-64/1.2.5:
    resolution: {integrity: sha512-AjMEF8hlA9vy1gXLHBruqgO42s0M0rKKZLQPM239wli5lKEprmxd8WMSjd9YmxRflS+/fwrXfjVl0QRhHjDIww==}
    cpu: [x64]
    os: [darwin]
    requiresBuild: true
    dev: true
    optional: true

  /turbo-darwin-arm64/1.2.5:
    resolution: {integrity: sha512-2kj4+X9XMGF9o398qVo4HDsaoPy2kcl77X+EYlq2bROoQlGXRrR7R+i/qMvLh4tLsSQAm5eOqEbFyvtMkxT/xg==}
    cpu: [arm64]
    os: [darwin]
    requiresBuild: true
    dev: true
    optional: true

  /turbo-freebsd-64/1.2.5:
    resolution: {integrity: sha512-29eQUiS/Fky7O8E0YzGh3EETPvMKmMDkFjJn4XtRGO+iZfkIxlqKnAUpT+8kx3nQ/5dAAoTGHflyf4FNEZaCKA==}
    cpu: [x64]
    os: [freebsd]
    requiresBuild: true
    dev: true
    optional: true

  /turbo-freebsd-arm64/1.2.5:
    resolution: {integrity: sha512-WRFmzgXqXurdRntPrEb7hcOM1Zfjse8OC/sH3V8R9QspYE+upZ42m9ePLt2n5N2shc4XLced/9VFdczx9549Tw==}
    cpu: [arm64]
    os: [freebsd]
    requiresBuild: true
    dev: true
    optional: true

  /turbo-linux-32/1.2.5:
    resolution: {integrity: sha512-YBzKqXJEoORpPq7vwpNf9ovbVru9aQi7HD88fxYW1wvvuPdNx2ZAmjn8sEMZZPkndfOlf9fXgO3aXr0fjqUWMw==}
    cpu: [ia32]
    os: [linux]
    requiresBuild: true
    dev: true
    optional: true

  /turbo-linux-64/1.2.5:
    resolution: {integrity: sha512-a85WEfOj4Cw0zd/wo1xoRmqW4kZHAz63nf+vWINyxZOK2H899TCUs+KJpgsacafU0fO36l1rsx2fdUDce/3Dww==}
    cpu: [x64]
    os: [linux]
    requiresBuild: true
    dev: true
    optional: true

  /turbo-linux-arm/1.2.5:
    resolution: {integrity: sha512-JlLk5cGmj5yRwBQuPMH36w5ZJg0sBfi+dxBZTkJUV9XM9MRgNUs0MkNnjh9ogGvB4R08HY4ud6XcyRdoKLs9pA==}
    cpu: [arm]
    os: [linux]
    requiresBuild: true
    dev: true
    optional: true

  /turbo-linux-arm64/1.2.5:
    resolution: {integrity: sha512-ZtPQx9yw+iMT+sYPYcrtbCye7a/aj93gA2krir4MI+CDp69LuHLuZOOfc8u4JCxSJTbRLoYcwJrdfB9uBSddIQ==}
    cpu: [arm64]
    os: [linux]
    requiresBuild: true
    dev: true
    optional: true

  /turbo-linux-mips64le/1.2.5:
    resolution: {integrity: sha512-3LLnEwKc5pf7MlUhwvq/ND2cx0f7v3LHK5587CVTQI9nnwgie42n5U168J7BPPPkIE0k0j4S1jeXU18DV3vWbA==}
    cpu: [mips64el]
    os: [linux]
    requiresBuild: true
    dev: true
    optional: true

  /turbo-linux-ppc64le/1.2.5:
    resolution: {integrity: sha512-1k4lBCu2jdQNF3KXjPAbOER5/j37AdBqHnuHB6JuiOocm+v3WgEfkctkqLrgow3q1HLeb4me3wGXstV//6dzSg==}
    cpu: [ppc64]
    os: [linux]
    requiresBuild: true
    dev: true
    optional: true

  /turbo-windows-32/1.2.5:
    resolution: {integrity: sha512-XT2g/kZopqARjs39MNVP5XysrK2R0P9QVnrRdVY72zgswLvvcvDI6SM5SPX/SWF4iLU5OEUlpCaUz5dJLGMGUw==}
    cpu: [ia32]
    os: [win32]
    requiresBuild: true
    dev: true
    optional: true

  /turbo-windows-64/1.2.5:
    resolution: {integrity: sha512-Ut097JJv9qy/8cpHANB7/BH0uh2IZbUeSSRudTl8tfMX8ZEdla/NpJd+omMV4CwPRrZAO6SyKiTfeHFOt/6NgQ==}
    cpu: [x64]
    os: [win32]
    requiresBuild: true
    dev: true
    optional: true

  /turbo/1.2.5:
    resolution: {integrity: sha512-KXk5BGCaiSSXhtorrLUILB3OTqZ/uruIi0ggb0jSp55ZDSS+G/4OANw7y5QuRjizCpjwunb47AAOox/2Zn2nbA==}
    hasBin: true
    requiresBuild: true
    optionalDependencies:
      turbo-darwin-64: 1.2.5
      turbo-darwin-arm64: 1.2.5
      turbo-freebsd-64: 1.2.5
      turbo-freebsd-arm64: 1.2.5
      turbo-linux-32: 1.2.5
      turbo-linux-64: 1.2.5
      turbo-linux-arm: 1.2.5
      turbo-linux-arm64: 1.2.5
      turbo-linux-mips64le: 1.2.5
      turbo-linux-ppc64le: 1.2.5
      turbo-windows-32: 1.2.5
      turbo-windows-64: 1.2.5
    dev: true

  /wrappy/1.0.2:
    resolution: {integrity: sha1-tSQ9jz7BqjXxNkYFvA0QNuMKtp8=}
    dev: true
